
Microsoft Visual Studio Solution File, Format Version 12.00
# Visual Studio Version 17
VisualStudioVersion = 17.0.31903.59
MinimumVisualStudioVersion = 10.0.40219.1
Project("{2150E333-8FDC-42A3-9474-1A3956D46DE8}") = "0.Database", "0.Database", "{50C0771C-2527-4BF1-A349-E90F67714EC6}"
EndProject
Project("{2150E333-8FDC-42A3-9474-1A3956D46DE8}") = "1.Core", "1.Core", "{F2BC8CA4-E7AE-4381-9C4E-4F513CCBE78D}"
EndProject
Project("{2150E333-8FDC-42A3-9474-1A3956D46DE8}") = "2.Application", "2.Application", "{51296B62-A3AD-4C72-A0D2-ABEAF9F8FCF0}"
EndProject
Project("{2150E333-8FDC-42A3-9474-1A3956D46DE8}") = "3.Infra", "3.Infra", "{9F488C9B-7BFF-43D7-B5C5-85E68E7CF1E5}"
EndProject
Project("{2150E333-8FDC-42A3-9474-1A3956D46DE8}") = "4.Presentation", "4.Presentation", "{B7C98187-1557-4BB9-A69A-3FF013421D60}"
EndProject
Project("{2150E333-8FDC-42A3-9474-1A3956D46DE8}") = "5.Test", "5.Test", "{DA9E776D-BAA6-43CD-831D-153D5BA5D298}"
EndProject
Project("{FAE04EC0-301F-11D3-BF4B-00C04F79EFBC}") = "assessment-api-developer.Domain", "assessment-api-developer.Domain\assessment-api-developer.Domain.csproj", "{71E5DFDF-FC9A-4F79-88BE-D55A7886D0D5}"
EndProject
Project("{FAE04EC0-301F-11D3-BF4B-00C04F79EFBC}") = "assessment-api-developer.Services", "assessment-api-developer.Services\assessment-api-developer.Services.csproj", "{FB399758-E546-40C2-BC74-5B93E8101ED7}"
EndProject
Project("{FAE04EC0-301F-11D3-BF4B-00C04F79EFBC}") = "assessment-api-developer.Infra", "assessment-api-developer.Infra\assessment-api-developer.Infra.csproj", "{5BA98B0F-03C0-4D6C-9CF0-EEBFE57F0E25}"
EndProject
Project("{FAE04EC0-301F-11D3-BF4B-00C04F79EFBC}") = "assessment-api-developer.API", "assessment-api-developer.API\assessment-api-developer.API.csproj", "{BEFA0E1D-4606-4583-9A92-E48B9597B965}"
EndProject
Project("{FAE04EC0-301F-11D3-BF4B-00C04F79EFBC}") = "assessment-api-developer.UI", "assessment-api-developer.UI\assessment-api-developer.UI.csproj", "{867B4AA8-EEC3-4999-8BB1-AB03AF213F26}"
EndProject
Global
	GlobalSection(SolutionConfigurationPlatforms) = preSolution
		Debug|Any CPU = Debug|Any CPU
		Release|Any CPU = Release|Any CPU
	EndGlobalSection
	GlobalSection(ProjectConfigurationPlatforms) = postSolution
		{71E5DFDF-FC9A-4F79-88BE-D55A7886D0D5}.Debug|Any CPU.ActiveCfg = Debug|Any CPU
		{71E5DFDF-FC9A-4F79-88BE-D55A7886D0D5}.Debug|Any CPU.Build.0 = Debug|Any CPU
		{71E5DFDF-FC9A-4F79-88BE-D55A7886D0D5}.Release|Any CPU.ActiveCfg = Release|Any CPU
		{71E5DFDF-FC9A-4F79-88BE-D55A7886D0D5}.Release|Any CPU.Build.0 = Release|Any CPU
		{FB399758-E546-40C2-BC74-5B93E8101ED7}.Debug|Any CPU.ActiveCfg = Debug|Any CPU
		{FB399758-E546-40C2-BC74-5B93E8101ED7}.Debug|Any CPU.Build.0 = Debug|Any CPU
		{FB399758-E546-40C2-BC74-5B93E8101ED7}.Release|Any CPU.ActiveCfg = Release|Any CPU
		{FB399758-E546-40C2-BC74-5B93E8101ED7}.Release|Any CPU.Build.0 = Release|Any CPU
		{5BA98B0F-03C0-4D6C-9CF0-EEBFE57F0E25}.Debug|Any CPU.ActiveCfg = Debug|Any CPU
		{5BA98B0F-03C0-4D6C-9CF0-EEBFE57F0E25}.Debug|Any CPU.Build.0 = Debug|Any CPU
		{5BA98B0F-03C0-4D6C-9CF0-EEBFE57F0E25}.Release|Any CPU.ActiveCfg = Release|Any CPU
		{5BA98B0F-03C0-4D6C-9CF0-EEBFE57F0E25}.Release|Any CPU.Build.0 = Release|Any CPU
		{BEFA0E1D-4606-4583-9A92-E48B9597B965}.Debug|Any CPU.ActiveCfg = Debug|Any CPU
		{BEFA0E1D-4606-4583-9A92-E48B9597B965}.Debug|Any CPU.Build.0 = Debug|Any CPU
		{BEFA0E1D-4606-4583-9A92-E48B9597B965}.Release|Any CPU.ActiveCfg = Release|Any CPU
		{BEFA0E1D-4606-4583-9A92-E48B9597B965}.Release|Any CPU.Build.0 = Release|Any CPU
		{867B4AA8-EEC3-4999-8BB1-AB03AF213F26}.Debug|Any CPU.ActiveCfg = Debug|Any CPU
		{867B4AA8-EEC3-4999-8BB1-AB03AF213F26}.Debug|Any CPU.Build.0 = Debug|Any CPU
		{867B4AA8-EEC3-4999-8BB1-AB03AF213F26}.Release|Any CPU.ActiveCfg = Release|Any CPU
		{867B4AA8-EEC3-4999-8BB1-AB03AF213F26}.Release|Any CPU.Build.0 = Release|Any CPU
	EndGlobalSection
	GlobalSection(SolutionProperties) = preSolution
		HideSolutionNode = FALSE
	EndGlobalSection
	GlobalSection(NestedProjects) = preSolution
		{71E5DFDF-FC9A-4F79-88BE-D55A7886D0D5} = {F2BC8CA4-E7AE-4381-9C4E-4F513CCBE78D}
		{FB399758-E546-40C2-BC74-5B93E8101ED7} = {51296B62-A3AD-4C72-A0D2-ABEAF9F8FCF0}
		{5BA98B0F-03C0-4D6C-9CF0-EEBFE57F0E25} = {9F488C9B-7BFF-43D7-B5C5-85E68E7CF1E5}
		{BEFA0E1D-4606-4583-9A92-E48B9597B965} = {B7C98187-1557-4BB9-A69A-3FF013421D60}
		{867B4AA8-EEC3-4999-8BB1-AB03AF213F26} = {B7C98187-1557-4BB9-A69A-3FF013421D60}
	EndGlobalSection
EndGlobal
